// !$*UTF8*$!
{
	archiveVersion = 1;
	classes = {
	};
	objectVersion = 50;
	objects = {

/* Begin PBXBuildFile section */
		2C00EB3B216C6C5F00653008 /* RecordingPresenter.swift in Sources */ = {isa = PBXBuildFile; fileRef = 2C00EB3A216C6C5F00653008 /* RecordingPresenter.swift */; };
		2C080C062167E24C0018B1B8 /* AppDelegate.swift in Sources */ = {isa = PBXBuildFile; fileRef = 2C080C052167E24C0018B1B8 /* AppDelegate.swift */; };
		2C080C082167E24C0018B1B8 /* ViewController.swift in Sources */ = {isa = PBXBuildFile; fileRef = 2C080C072167E24C0018B1B8 /* ViewController.swift */; };
		2C080C0B2167E24C0018B1B8 /* Main.storyboard in Resources */ = {isa = PBXBuildFile; fileRef = 2C080C092167E24C0018B1B8 /* Main.storyboard */; };
		2C080C102167E24C0018B1B8 /* Assets.xcassets in Resources */ = {isa = PBXBuildFile; fileRef = 2C080C0F2167E24C0018B1B8 /* Assets.xcassets */; };
		2C080C132167E24C0018B1B8 /* LaunchScreen.storyboard in Resources */ = {isa = PBXBuildFile; fileRef = 2C080C112167E24C0018B1B8 /* LaunchScreen.storyboard */; };
		2C080C242167E8250018B1B8 /* LocationInteractor.swift in Sources */ = {isa = PBXBuildFile; fileRef = 2C080C232167E8250018B1B8 /* LocationInteractor.swift */; };
		2C0CBC01216B4F0F00BA648B /* RecordButton.swift in Sources */ = {isa = PBXBuildFile; fileRef = 2C0CBC00216B4F0F00BA648B /* RecordButton.swift */; };
		2C11289C216AA7EE0027FDBE /* GraphView.swift in Sources */ = {isa = PBXBuildFile; fileRef = 2C11289B216AA7EE0027FDBE /* GraphView.swift */; };
		2C11289E216AA8520027FDBE /* RoundedView.swift in Sources */ = {isa = PBXBuildFile; fileRef = 2C11289D216AA8520027FDBE /* RoundedView.swift */; };
		2C87718A216A409E0080707A /* walkie.xcdatamodeld in Sources */ = {isa = PBXBuildFile; fileRef = 2C877188216A409E0080707A /* walkie.xcdatamodeld */; };
		2C87718C216A45E40080707A /* WalksInteractor.swift in Sources */ = {isa = PBXBuildFile; fileRef = 2C87718B216A45E40080707A /* WalksInteractor.swift */; };
		2CFFF2A3216A5A6200E0044E /* CoreDataStack.swift in Sources */ = {isa = PBXBuildFile; fileRef = 2CFFF2A2216A5A6200E0044E /* CoreDataStack.swift */; };
		2CFFF2C2216A824900E0044E /* Walk+CoreDataClass.swift in Sources */ = {isa = PBXBuildFile; fileRef = 2CFFF2BE216A824900E0044E /* Walk+CoreDataClass.swift */; };
		2CFFF2C3216A824900E0044E /* Walk+CoreDataProperties.swift in Sources */ = {isa = PBXBuildFile; fileRef = 2CFFF2BF216A824900E0044E /* Walk+CoreDataProperties.swift */; };
		2CFFF2C4216A824900E0044E /* Coordinate+CoreDataClass.swift in Sources */ = {isa = PBXBuildFile; fileRef = 2CFFF2C0216A824900E0044E /* Coordinate+CoreDataClass.swift */; };
		2CFFF2C5216A824900E0044E /* Coordinate+CoreDataProperties.swift in Sources */ = {isa = PBXBuildFile; fileRef = 2CFFF2C1216A824900E0044E /* Coordinate+CoreDataProperties.swift */; };
/* End PBXBuildFile section */

/* Begin PBXFileReference section */
		2C00EB3A216C6C5F00653008 /* RecordingPresenter.swift */ = {isa = PBXFileReference; lastKnownFileType = sourcecode.swift; path = RecordingPresenter.swift; sourceTree = "<group>"; };
		2C080C022167E24C0018B1B8 /* walkie.app */ = {isa = PBXFileReference; explicitFileType = wrapper.application; includeInIndex = 0; path = walkie.app; sourceTree = BUILT_PRODUCTS_DIR; };
		2C080C052167E24C0018B1B8 /* AppDelegate.swift */ = {isa = PBXFileReference; lastKnownFileType = sourcecode.swift; path = AppDelegate.swift; sourceTree = "<group>"; };
		2C080C072167E24C0018B1B8 /* ViewController.swift */ = {isa = PBXFileReference; lastKnownFileType = sourcecode.swift; path = ViewController.swift; sourceTree = "<group>"; };
		2C080C0A2167E24C0018B1B8 /* Base */ = {isa = PBXFileReference; lastKnownFileType = file.storyboard; name = Base; path = Base.lproj/Main.storyboard; sourceTree = "<group>"; };
		2C080C0F2167E24C0018B1B8 /* Assets.xcassets */ = {isa = PBXFileReference; lastKnownFileType = folder.assetcatalog; path = Assets.xcassets; sourceTree = "<group>"; };
		2C080C122167E24C0018B1B8 /* Base */ = {isa = PBXFileReference; lastKnownFileType = file.storyboard; name = Base; path = Base.lproj/LaunchScreen.storyboard; sourceTree = "<group>"; };
		2C080C142167E24C0018B1B8 /* Info.plist */ = {isa = PBXFileReference; lastKnownFileType = text.plist.xml; path = Info.plist; sourceTree = "<group>"; };
		2C080C232167E8250018B1B8 /* LocationInteractor.swift */ = {isa = PBXFileReference; lastKnownFileType = sourcecode.swift; path = LocationInteractor.swift; sourceTree = "<group>"; };
		2C0CBC00216B4F0F00BA648B /* RecordButton.swift */ = {isa = PBXFileReference; lastKnownFileType = sourcecode.swift; path = RecordButton.swift; sourceTree = "<group>"; };
		2C11289B216AA7EE0027FDBE /* GraphView.swift */ = {isa = PBXFileReference; lastKnownFileType = sourcecode.swift; path = GraphView.swift; sourceTree = "<group>"; };
		2C11289D216AA8520027FDBE /* RoundedView.swift */ = {isa = PBXFileReference; lastKnownFileType = sourcecode.swift; path = RoundedView.swift; sourceTree = "<group>"; };
		2C877189216A409E0080707A /* walkie.xcdatamodel */ = {isa = PBXFileReference; lastKnownFileType = wrapper.xcdatamodel; path = walkie.xcdatamodel; sourceTree = "<group>"; };
		2C87718B216A45E40080707A /* WalksInteractor.swift */ = {isa = PBXFileReference; lastKnownFileType = sourcecode.swift; path = WalksInteractor.swift; sourceTree = "<group>"; };
		2CFFF2A2216A5A6200E0044E /* CoreDataStack.swift */ = {isa = PBXFileReference; lastKnownFileType = sourcecode.swift; path = CoreDataStack.swift; sourceTree = "<group>"; };
		2CFFF2BE216A824900E0044E /* Walk+CoreDataClass.swift */ = {isa = PBXFileReference; lastKnownFileType = sourcecode.swift; path = "Walk+CoreDataClass.swift"; sourceTree = "<group>"; };
		2CFFF2BF216A824900E0044E /* Walk+CoreDataProperties.swift */ = {isa = PBXFileReference; lastKnownFileType = sourcecode.swift; path = "Walk+CoreDataProperties.swift"; sourceTree = "<group>"; };
		2CFFF2C0216A824900E0044E /* Coordinate+CoreDataClass.swift */ = {isa = PBXFileReference; lastKnownFileType = sourcecode.swift; path = "Coordinate+CoreDataClass.swift"; sourceTree = "<group>"; };
		2CFFF2C1216A824900E0044E /* Coordinate+CoreDataProperties.swift */ = {isa = PBXFileReference; lastKnownFileType = sourcecode.swift; path = "Coordinate+CoreDataProperties.swift"; sourceTree = "<group>"; };
/* End PBXFileReference section */

/* Begin PBXFrameworksBuildPhase section */
		2C080BFF2167E24C0018B1B8 /* Frameworks */ = {
			isa = PBXFrameworksBuildPhase;
			buildActionMask = 2147483647;
			files = (
			);
			runOnlyForDeploymentPostprocessing = 0;
		};
/* End PBXFrameworksBuildPhase section */

/* Begin PBXGroup section */
		2C04536A216BBA6A0065F05A /* Custom Views */ = {
			isa = PBXGroup;
			children = (
				2C11289B216AA7EE0027FDBE /* GraphView.swift */,
				2C11289D216AA8520027FDBE /* RoundedView.swift */,
				2C0CBC00216B4F0F00BA648B /* RecordButton.swift */,
			);
			path = "Custom Views";
			sourceTree = "<group>";
		};
		2C080BF92167E24C0018B1B8 = {
			isa = PBXGroup;
			children = (
				2C080C042167E24C0018B1B8 /* walkie */,
				2C080C032167E24C0018B1B8 /* Products */,
			);
			sourceTree = "<group>";
		};
		2C080C032167E24C0018B1B8 /* Products */ = {
			isa = PBXGroup;
			children = (
				2C080C022167E24C0018B1B8 /* walkie.app */,
			);
			name = Products;
			sourceTree = "<group>";
		};
		2C080C042167E24C0018B1B8 /* walkie */ = {
			isa = PBXGroup;
			children = (
				2C04536A216BBA6A0065F05A /* Custom Views */,
				2C080C222167E8150018B1B8 /* Interactor */,
				2C080C1D2167E6BD0018B1B8 /* Presenter */,
				2C080C1C2167E6B70018B1B8 /* View */,
				2C080C052167E24C0018B1B8 /* AppDelegate.swift */,
				2C080C0F2167E24C0018B1B8 /* Assets.xcassets */,
				2C080C112167E24C0018B1B8 /* LaunchScreen.storyboard */,
				2C080C142167E24C0018B1B8 /* Info.plist */,
			);
			path = walkie;
			sourceTree = "<group>";
		};
		2C080C1C2167E6B70018B1B8 /* View */ = {
			isa = PBXGroup;
			children = (
				2C080C072167E24C0018B1B8 /* ViewController.swift */,
				2C080C092167E24C0018B1B8 /* Main.storyboard */,
			);
			path = View;
			sourceTree = "<group>";
		};
		2C080C1D2167E6BD0018B1B8 /* Presenter */ = {
			isa = PBXGroup;
			children = (
				2C00EB3A216C6C5F00653008 /* RecordingPresenter.swift */,
			);
			path = Presenter;
			sourceTree = "<group>";
		};
		2C080C222167E8150018B1B8 /* Interactor */ = {
			isa = PBXGroup;
			children = (
				2C877185216A31FE0080707A /* Walks */,
				2C877184216A31F60080707A /* Location */,
			);
			path = Interactor;
			sourceTree = "<group>";
		};
		2C877184216A31F60080707A /* Location */ = {
			isa = PBXGroup;
			children = (
				2C080C232167E8250018B1B8 /* LocationInteractor.swift */,
			);
			path = Location;
			sourceTree = "<group>";
		};
		2C877185216A31FE0080707A /* Walks */ = {
			isa = PBXGroup;
			children = (
				2CFFF2BD216A5B6D00E0044E /* Core Data */,
				2C87718B216A45E40080707A /* WalksInteractor.swift */,
			);
			path = Walks;
			sourceTree = "<group>";
		};
		2CFFF2AC216A5AB900E0044E /* Entity */ = {
			isa = PBXGroup;
			children = (
				2CFFF2BE216A824900E0044E /* Walk+CoreDataClass.swift */,
				2CFFF2BF216A824900E0044E /* Walk+CoreDataProperties.swift */,
				2CFFF2C0216A824900E0044E /* Coordinate+CoreDataClass.swift */,
				2CFFF2C1216A824900E0044E /* Coordinate+CoreDataProperties.swift */,
			);
			path = Entity;
			sourceTree = "<group>";
		};
		2CFFF2BD216A5B6D00E0044E /* Core Data */ = {
			isa = PBXGroup;
			children = (
				2CFFF2AC216A5AB900E0044E /* Entity */,
				2CFFF2A2216A5A6200E0044E /* CoreDataStack.swift */,
				2C877188216A409E0080707A /* walkie.xcdatamodeld */,
			);
			path = "Core Data";
			sourceTree = "<group>";
		};
/* End PBXGroup section */

/* Begin PBXNativeTarget section */
		2C080C012167E24C0018B1B8 /* walkie */ = {
			isa = PBXNativeTarget;
			buildConfigurationList = 2C080C172167E24C0018B1B8 /* Build configuration list for PBXNativeTarget "walkie" */;
			buildPhases = (
				2C080BFE2167E24C0018B1B8 /* Sources */,
				2C080BFF2167E24C0018B1B8 /* Frameworks */,
				2C080C002167E24C0018B1B8 /* Resources */,
			);
			buildRules = (
			);
			dependencies = (
			);
			name = walkie;
			productName = walkie;
			productReference = 2C080C022167E24C0018B1B8 /* walkie.app */;
			productType = "com.apple.product-type.application";
		};
/* End PBXNativeTarget section */

/* Begin PBXProject section */
		2C080BFA2167E24C0018B1B8 /* Project object */ = {
			isa = PBXProject;
			attributes = {
				LastSwiftUpdateCheck = 1000;
				LastUpgradeCheck = 1000;
				ORGANIZATIONNAME = "Eldar Goloviznin";
				TargetAttributes = {
					2C080C012167E24C0018B1B8 = {
						CreatedOnToolsVersion = 10.0;
						SystemCapabilities = {
							com.apple.BackgroundModes = {
								enabled = 1;
							};
						};
					};
				};
			};
			buildConfigurationList = 2C080BFD2167E24C0018B1B8 /* Build configuration list for PBXProject "walkie" */;
			compatibilityVersion = "Xcode 9.3";
			developmentRegion = en;
			hasScannedForEncodings = 0;
			knownRegions = (
				en,
				Base,
			);
			mainGroup = 2C080BF92167E24C0018B1B8;
			productRefGroup = 2C080C032167E24C0018B1B8 /* Products */;
			projectDirPath = "";
			projectRoot = "";
			targets = (
				2C080C012167E24C0018B1B8 /* walkie */,
			);
		};
/* End PBXProject section */

/* Begin PBXResourcesBuildPhase section */
		2C080C002167E24C0018B1B8 /* Resources */ = {
			isa = PBXResourcesBuildPhase;
			buildActionMask = 2147483647;
			files = (
				2C080C132167E24C0018B1B8 /* LaunchScreen.storyboard in Resources */,
				2C080C102167E24C0018B1B8 /* Assets.xcassets in Resources */,
				2C080C0B2167E24C0018B1B8 /* Main.storyboard in Resources */,
			);
			runOnlyForDeploymentPostprocessing = 0;
		};
/* End PBXResourcesBuildPhase section */

/* Begin PBXSourcesBuildPhase section */
		2C080BFE2167E24C0018B1B8 /* Sources */ = {
			isa = PBXSourcesBuildPhase;
			buildActionMask = 2147483647;
			files = (
				2C87718A216A409E0080707A /* walkie.xcdatamodeld in Sources */,
				2C080C082167E24C0018B1B8 /* ViewController.swift in Sources */,
				2CFFF2C3216A824900E0044E /* Walk+CoreDataProperties.swift in Sources */,
				2C11289C216AA7EE0027FDBE /* GraphView.swift in Sources */,
				2C0CBC01216B4F0F00BA648B /* RecordButton.swift in Sources */,
				2CFFF2C5216A824900E0044E /* Coordinate+CoreDataProperties.swift in Sources */,
				2C080C062167E24C0018B1B8 /* AppDelegate.swift in Sources */,
				2CFFF2C4216A824900E0044E /* Coordinate+CoreDataClass.swift in Sources */,
				2C080C242167E8250018B1B8 /* LocationInteractor.swift in Sources */,
				2C11289E216AA8520027FDBE /* RoundedView.swift in Sources */,
				2C87718C216A45E40080707A /* WalksInteractor.swift in Sources */,
				2C00EB3B216C6C5F00653008 /* RecordingPresenter.swift in Sources */,
				2CFFF2C2216A824900E0044E /* Walk+CoreDataClass.swift in Sources */,
				2CFFF2A3216A5A6200E0044E /* CoreDataStack.swift in Sources */,
			);
			runOnlyForDeploymentPostprocessing = 0;
		};
/* End PBXSourcesBuildPhase section */

/* Begin PBXVariantGroup section */
		2C080C092167E24C0018B1B8 /* Main.storyboard */ = {
			isa = PBXVariantGroup;
			children = (
				2C080C0A2167E24C0018B1B8 /* Base */,
			);
			name = Main.storyboard;
			sourceTree = "<group>";
		};
		2C080C112167E24C0018B1B8 /* LaunchScreen.storyboard */ = {
			isa = PBXVariantGroup;
			children = (
				2C080C122167E24C0018B1B8 /* Base */,
			);
			name = LaunchScreen.storyboard;
			sourceTree = "<group>";
		};
/* End PBXVariantGroup section */

/* Begin XCBuildConfiguration section */
		2C080C152167E24C0018B1B8 /* Debug */ = {
			isa = XCBuildConfiguration;
			buildSettings = {
				ALWAYS_SEARCH_USER_PATHS = NO;
				CLANG_ANALYZER_NONNULL = YES;
				CLANG_ANALYZER_NUMBER_OBJECT_CONVERSION = YES_AGGRESSIVE;
				CLANG_CXX_LANGUAGE_STANDARD = "gnu++14";
				CLANG_CXX_LIBRARY = "libc++";
				CLANG_ENABLE_MODULES = YES;
				CLANG_ENABLE_OBJC_ARC = YES;
				CLANG_ENABLE_OBJC_WEAK = YES;
				CLANG_WARN_BLOCK_CAPTURE_AUTORELEASING = YES;
				CLANG_WARN_BOOL_CONVERSION = YES;
				CLANG_WARN_COMMA = YES;
				CLANG_WARN_CONSTANT_CONVERSION = YES;
				CLANG_WARN_DEPRECATED_OBJC_IMPLEMENTATIONS = YES;
				CLANG_WARN_DIRECT_OBJC_ISA_USAGE = YES_ERROR;
				CLANG_WARN_DOCUMENTATION_COMMENTS = YES;
				CLANG_WARN_EMPTY_BODY = YES;
				CLANG_WARN_ENUM_CONVERSION = YES;
				CLANG_WARN_INFINITE_RECURSION = YES;
				CLANG_WARN_INT_CONVERSION = YES;
				CLANG_WARN_NON_LITERAL_NULL_CONVERSION = YES;
				CLANG_WARN_OBJC_IMPLICIT_RETAIN_SELF = YES;
				CLANG_WARN_OBJC_LITERAL_CONVERSION = YES;
				CLANG_WARN_OBJC_ROOT_CLASS = YES_ERROR;
				CLANG_WARN_RANGE_LOOP_ANALYSIS = YES;
				CLANG_WARN_STRICT_PROTOTYPES = YES;
				CLANG_WARN_SUSPICIOUS_MOVE = YES;
				CLANG_WARN_UNGUARDED_AVAILABILITY = YES_AGGRESSIVE;
				CLANG_WARN_UNREACHABLE_CODE = YES;
				CLANG_WARN__DUPLICATE_METHOD_MATCH = YES;
				CODE_SIGN_IDENTITY = "iPhone Developer";
				COPY_PHASE_STRIP = NO;
				DEBUG_INFORMATION_FORMAT = dwarf;
				ENABLE_STRICT_OBJC_MSGSEND = YES;
				ENABLE_TESTABILITY = YES;
				GCC_C_LANGUAGE_STANDARD = gnu11;
				GCC_DYNAMIC_NO_PIC = NO;
				GCC_NO_COMMON_BLOCKS = YES;
				GCC_OPTIMIZATION_LEVEL = 0;
				GCC_PREPROCESSOR_DEFINITIONS = (
					"DEBUG=1",
					"$(inherited)",
				);
				GCC_WARN_64_TO_32_BIT_CONVERSION = YES;
				GCC_WARN_ABOUT_RETURN_TYPE = YES_ERROR;
				GCC_WARN_UNDECLARED_SELECTOR = YES;
				GCC_WARN_UNINITIALIZED_AUTOS = YES_AGGRESSIVE;
				GCC_WARN_UNUSED_FUNCTION = YES;
				GCC_WARN_UNUSED_VARIABLE = YES;
				IPHONEOS_DEPLOYMENT_TARGET = 12.0;
				MTL_ENABLE_DEBUG_INFO = INCLUDE_SOURCE;
				MTL_FAST_MATH = YES;
				ONLY_ACTIVE_ARCH = YES;
				SDKROOT = iphoneos;
				SWIFT_ACTIVE_COMPILATION_CONDITIONS = DEBUG;
				SWIFT_OPTIMIZATION_LEVEL = "-Onone";
			};
			name = Debug;
		};
		2C080C162167E24C0018B1B8 /* Release */ = {
			isa = XCBuildConfiguration;
			buildSettings = {
				ALWAYS_SEARCH_USER_PATHS = NO;
				CLANG_ANALYZER_NONNULL = YES;
				CLANG_ANALYZER_NUMBER_OBJECT_CONVERSION = YES_AGGRESSIVE;
				CLANG_CXX_LANGUAGE_STANDARD = "gnu++14";
				CLANG_CXX_LIBRARY = "libc++";
				CLANG_ENABLE_MODULES = YES;
				CLANG_ENABLE_OBJC_ARC = YES;
				CLANG_ENABLE_OBJC_WEAK = YES;
				CLANG_WARN_BLOCK_CAPTURE_AUTORELEASING = YES;
				CLANG_WARN_BOOL_CONVERSION = YES;
				CLANG_WARN_COMMA = YES;
				CLANG_WARN_CONSTANT_CONVERSION = YES;
				CLANG_WARN_DEPRECATED_OBJC_IMPLEMENTATIONS = YES;
				CLANG_WARN_DIRECT_OBJC_ISA_USAGE = YES_ERROR;
				CLANG_WARN_DOCUMENTATION_COMMENTS = YES;
				CLANG_WARN_EMPTY_BODY = YES;
				CLANG_WARN_ENUM_CONVERSION = YES;
				CLANG_WARN_INFINITE_RECURSION = YES;
				CLANG_WARN_INT_CONVERSION = YES;
				CLANG_WARN_NON_LITERAL_NULL_CONVERSION = YES;
				CLANG_WARN_OBJC_IMPLICIT_RETAIN_SELF = YES;
				CLANG_WARN_OBJC_LITERAL_CONVERSION = YES;
				CLANG_WARN_OBJC_ROOT_CLASS = YES_ERROR;
				CLANG_WARN_RANGE_LOOP_ANALYSIS = YES;
				CLANG_WARN_STRICT_PROTOTYPES = YES;
				CLANG_WARN_SUSPICIOUS_MOVE = YES;
				CLANG_WARN_UNGUARDED_AVAILABILITY = YES_AGGRESSIVE;
				CLANG_WARN_UNREACHABLE_CODE = YES;
				CLANG_WARN__DUPLICATE_METHOD_MATCH = YES;
				CODE_SIGN_IDENTITY = "iPhone Developer";
				COPY_PHASE_STRIP = NO;
				DEBUG_INFORMATION_FORMAT = "dwarf-with-dsym";
				ENABLE_NS_ASSERTIONS = NO;
				ENABLE_STRICT_OBJC_MSGSEND = YES;
				GCC_C_LANGUAGE_STANDARD = gnu11;
				GCC_NO_COMMON_BLOCKS = YES;
				GCC_WARN_64_TO_32_BIT_CONVERSION = YES;
				GCC_WARN_ABOUT_RETURN_TYPE = YES_ERROR;
				GCC_WARN_UNDECLARED_SELECTOR = YES;
				GCC_WARN_UNINITIALIZED_AUTOS = YES_AGGRESSIVE;
				GCC_WARN_UNUSED_FUNCTION = YES;
				GCC_WARN_UNUSED_VARIABLE = YES;
				IPHONEOS_DEPLOYMENT_TARGET = 12.0;
				MTL_ENABLE_DEBUG_INFO = NO;
				MTL_FAST_MATH = YES;
				SDKROOT = iphoneos;
				SWIFT_COMPILATION_MODE = wholemodule;
				SWIFT_OPTIMIZATION_LEVEL = "-O";
				VALIDATE_PRODUCT = YES;
			};
			name = Release;
		};
		2C080C182167E24C0018B1B8 /* Debug */ = {
			isa = XCBuildConfiguration;
			buildSettings = {
				ASSETCATALOG_COMPILER_APPICON_NAME = AppIcon;
				CODE_SIGN_STYLE = Automatic;
				DEVELOPMENT_TEAM = JD6X7BWBF5;
				INFOPLIST_FILE = walkie/Info.plist;
				LD_RUNPATH_SEARCH_PATHS = (
					"$(inherited)",
					"@executable_path/Frameworks",
				);
				PRODUCT_BUNDLE_IDENTIFIER = com.goloviznin.eldar.walkie;
				PRODUCT_NAME = "$(TARGET_NAME)";
				SWIFT_VERSION = 4.2;
				TARGETED_DEVICE_FAMILY = "1,2";
			};
			name = Debug;
		};
		2C080C192167E24C0018B1B8 /* Release */ = {
			isa = XCBuildConfiguration;
			buildSettings = {
				ASSETCATALOG_COMPILER_APPICON_NAME = AppIcon;
				CODE_SIGN_STYLE = Automatic;
				DEVELOPMENT_TEAM = JD6X7BWBF5;
				INFOPLIST_FILE = walkie/Info.plist;
				LD_RUNPATH_SEARCH_PATHS = (
					"$(inherited)",
					"@executable_path/Frameworks",
				);
				PRODUCT_BUNDLE_IDENTIFIER = com.goloviznin.eldar.walkie;
				PRODUCT_NAME = "$(TARGET_NAME)";
				SWIFT_VERSION = 4.2;
				TARGETED_DEVICE_FAMILY = "1,2";
			};
			name = Release;
		};
/* End XCBuildConfiguration section */

/* Begin XCConfigurationList section */
		2C080BFD2167E24C0018B1B8 /* Build configuration list for PBXProject "walkie" */ = {
			isa = XCConfigurationList;
			buildConfigurations = (
				2C080C152167E24C0018B1B8 /* Debug */,
				2C080C162167E24C0018B1B8 /* Release */,
			);
			defaultConfigurationIsVisible = 0;
			defaultConfigurationName = Release;
		};
		2C080C172167E24C0018B1B8 /* Build configuration list for PBXNativeTarget "walkie" */ = {
			isa = XCConfigurationList;
			buildConfigurations = (
				2C080C182167E24C0018B1B8 /* Debug */,
				2C080C192167E24C0018B1B8 /* Release */,
			);
			defaultConfigurationIsVisible = 0;
			defaultConfigurationName = Release;
		};
/* End XCConfigurationList section */

/* Begin XCVersionGroup section */
		2C877188216A409E0080707A /* walkie.xcdatamodeld */ = {
			isa = XCVersionGroup;
			children = (
				2C877189216A409E0080707A /* walkie.xcdatamodel */,
			);
			currentVersion = 2C877189216A409E0080707A /* walkie.xcdatamodel */;
			path = walkie.xcdatamodeld;
			sourceTree = "<group>";
			versionGroupType = wrapper.xcdatamodel;
		};
/* End XCVersionGroup section */
	};
	rootObject = 2C080BFA2167E24C0018B1B8 /* Project object */;
}
